
Microsoft Visual Studio Solution File, Format Version 12.00
# Visual Studio Version 17
VisualStudioVersion = 17.5.33530.505
MinimumVisualStudioVersion = 10.0.40219.1
Project("{FAE04EC0-301F-11D3-BF4B-00C04F79EFBC}") = "SupermarketPOO", "SupermarketPOO\SupermarketPOO.csproj", "{3DF41EDB-5117-4CBD-83DC-95DE31D31A28}"
EndProject
Project("{2150E333-8FDC-42A3-9474-1A3956D46DE8}") = "Elementos de la solución", "Elementos de la solución", "{65E956B8-EC59-4D69-8E00-A16080B29F0E}"
EndProject
Global
	GlobalSection(SolutionConfigurationPlatforms) = preSolution
		Debug|Any CPU = Debug|Any CPU
		Release|Any CPU = Release|Any CPU
	EndGlobalSection
	GlobalSection(ProjectConfigurationPlatforms) = postSolution
		{3DF41EDB-5117-4CBD-83DC-95DE31D31A28}.Debug|Any CPU.ActiveCfg = Debug|Any CPU
		{3DF41EDB-5117-4CBD-83DC-95DE31D31A28}.Debug|Any CPU.Build.0 = Debug|Any CPU
		{3DF41EDB-5117-4CBD-83DC-95DE31D31A28}.Release|Any CPU.ActiveCfg = Release|Any CPU
		{3DF41EDB-5117-4CBD-83DC-95DE31D31A28}.Release|Any CPU.Build.0 = Release|Any CPU
	EndGlobalSection
	GlobalSection(SolutionProperties) = preSolution
		HideSolutionNode = FALSE
	EndGlobalSection
	GlobalSection(ExtensibilityGlobals) = postSolution
		SolutionGuid = {443B36D0-E1EB-4972-BED7-D5069CCD0DD4}
	EndGlobalSection
EndGlobal
